
Microsoft Visual Studio Solution File, Format Version 12.00
# Visual Studio Version 17
VisualStudioVersion = 17.5.33502.453
MinimumVisualStudioVersion = 10.0.40219.1
Project("{FAE04EC0-301F-11D3-BF4B-00C04F79EFBC}") = "Web API Project", "Web API Project\Web API Project.csproj", "{4AA9324B-1389-4D3B-AEAE-50420F431642}"
EndProject
Global
	GlobalSection(SolutionConfigurationPlatforms) = preSolution
		Debug|Any CPU = Debug|Any CPU
		Release|Any CPU = Release|Any CPU
	EndGlobalSection
	GlobalSection(ProjectConfigurationPlatforms) = postSolution
		{4AA9324B-1389-4D3B-AEAE-50420F431642}.Debug|Any CPU.ActiveCfg = Debug|Any CPU
		{4AA9324B-1389-4D3B-AEAE-50420F431642}.Debug|Any CPU.Build.0 = Debug|Any CPU
		{4AA9324B-1389-4D3B-AEAE-50420F431642}.Release|Any CPU.ActiveCfg = Release|Any CPU
		{4AA9324B-1389-4D3B-AEAE-50420F431642}.Release|Any CPU.Build.0 = Release|Any CPU
	EndGlobalSection
	GlobalSection(SolutionProperties) = preSolution
		HideSolutionNode = FALSE
	EndGlobalSection
	GlobalSection(ExtensibilityGlobals) = postSolution
		SolutionGuid = {5E39BDCC-6033-4ECA-83D3-3C181C19446F}
	EndGlobalSection
EndGlobal
